
Microsoft Visual Studio Solution File, Format Version 12.00
# Visual Studio Version 16
VisualStudioVersion = 16.0.29509.3
MinimumVisualStudioVersion = 10.0.40219.1
Project("{F2A71F9B-5D33-465A-A702-920D77279786}") = "NightHawk", "NightHawk\NightHawk.fsproj", "{E9A36737-D2E8-4F7D-82CB-6079460F1A44}"
EndProject
Global
	GlobalSection(SolutionConfigurationPlatforms) = preSolution
		Debug|Any CPU = Debug|Any CPU
		Release|Any CPU = Release|Any CPU
	EndGlobalSection
	GlobalSection(ProjectConfigurationPlatforms) = postSolution
		{E9A36737-D2E8-4F7D-82CB-6079460F1A44}.Debug|Any CPU.ActiveCfg = Debug|Any CPU
		{E9A36737-D2E8-4F7D-82CB-6079460F1A44}.Debug|Any CPU.Build.0 = Debug|Any CPU
		{E9A36737-D2E8-4F7D-82CB-6079460F1A44}.Release|Any CPU.ActiveCfg = Release|Any CPU
		{E9A36737-D2E8-4F7D-82CB-6079460F1A44}.Release|Any CPU.Build.0 = Release|Any CPU
	EndGlobalSection
	GlobalSection(SolutionProperties) = preSolution
		HideSolutionNode = FALSE
	EndGlobalSection
	GlobalSection(ExtensibilityGlobals) = postSolution
		SolutionGuid = {502751D9-F4E2-45A2-A6F4-D94506466081}
	EndGlobalSection
EndGlobal
